
Microsoft Visual Studio Solution File, Format Version 12.00
# Visual Studio Version 17
VisualStudioVersion = 17.4.33205.214
MinimumVisualStudioVersion = 10.0.40219.1
Project("{FAE04EC0-301F-11D3-BF4B-00C04F79EFBC}") = "university", "university.csproj", "{E3DEFAD0-31B5-4B13-B6E9-BF1407293933}"
EndProject
Global
	GlobalSection(SolutionConfigurationPlatforms) = preSolution
		Debug|Any CPU = Debug|Any CPU
		Release|Any CPU = Release|Any CPU
	EndGlobalSection
	GlobalSection(ProjectConfigurationPlatforms) = postSolution
		{E3DEFAD0-31B5-4B13-B6E9-BF1407293933}.Debug|Any CPU.ActiveCfg = Debug|Any CPU
		{E3DEFAD0-31B5-4B13-B6E9-BF1407293933}.Debug|Any CPU.Build.0 = Debug|Any CPU
		{E3DEFAD0-31B5-4B13-B6E9-BF1407293933}.Release|Any CPU.ActiveCfg = Release|Any CPU
		{E3DEFAD0-31B5-4B13-B6E9-BF1407293933}.Release|Any CPU.Build.0 = Release|Any CPU
	EndGlobalSection
	GlobalSection(SolutionProperties) = preSolution
		HideSolutionNode = FALSE
	EndGlobalSection
	GlobalSection(ExtensibilityGlobals) = postSolution
		SolutionGuid = {E638F132-06C7-45DC-B382-F5E4794C7EA8}
	EndGlobalSection
EndGlobal
